# Lockfile v2
# This file is automatically generated by Wapm.
# It is not intended for manual editing. The schema of this file may change.
[modules.openssl."1.1.0-h".openssl]
name = "openssl"
package_version = "1.1.0-h"
package_name = "openssl"
source = "local"
resolved = "local"
abi = "emscripten"
entry = "openssl.wasm"
[commands.openssl]
name = "openssl"
package_name = "openssl"
package_version = "1.1.0-h"
module = "openssl"
is_top_level_dependency = true
